// !$*UTF8*$!
{
	archiveVersion = 1;
	classes = {
	};
	objectVersion = 46;
	objects = {

/* Begin PBXBuildFile section */
		0668C3A01872C22A00D8B030 /* Default-568h@2x.png in Resources */ = {isa = PBXBuildFile; fileRef = 064312FC1872BEAF00D0A689 /* Default-568h@2x.png */; };
		06BA94771804DDEA004B7A33 /* AVFoundation.framework in Frameworks */ = {isa = PBXBuildFile; fileRef = 06BA94761804DDEA004B7A33 /* AVFoundation.framework */; };
		30A7B3A618093E5B0096A40C /* MSGRDEMOLoginViewController.m in Sources */ = {isa = PBXBuildFile; fileRef = 30A7B3A518093E5B0096A40C /* MSGRDEMOLoginViewController.m */; };
		30A7B3A918093EA00096A40C /* MSGRDEMOLoginCell.m in Sources */ = {isa = PBXBuildFile; fileRef = 30A7B3A818093EA00096A40C /* MSGRDEMOLoginCell.m */; };
		30B188B7180404EF0088D6F5 /* Foundation.framework in Frameworks */ = {isa = PBXBuildFile; fileRef = 30B188B6180404EF0088D6F5 /* Foundation.framework */; };
		30B188B9180404EF0088D6F5 /* CoreGraphics.framework in Frameworks */ = {isa = PBXBuildFile; fileRef = 30B188B8180404EF0088D6F5 /* CoreGraphics.framework */; };
		30B188BB180404EF0088D6F5 /* UIKit.framework in Frameworks */ = {isa = PBXBuildFile; fileRef = 30B188BA180404EF0088D6F5 /* UIKit.framework */; };
		30B188C1180404EF0088D6F5 /* InfoPlist.strings in Resources */ = {isa = PBXBuildFile; fileRef = 30B188BF180404EF0088D6F5 /* InfoPlist.strings */; };
		30B188C3180404EF0088D6F5 /* main.m in Sources */ = {isa = PBXBuildFile; fileRef = 30B188C2180404EF0088D6F5 /* main.m */; };
		30B188C7180404EF0088D6F5 /* MSGRAppDelegate.m in Sources */ = {isa = PBXBuildFile; fileRef = 30B188C6180404EF0088D6F5 /* MSGRAppDelegate.m */; };
		30B188C9180404EF0088D6F5 /* Images.xcassets in Resources */ = {isa = PBXBuildFile; fileRef = 30B188C8180404EF0088D6F5 /* Images.xcassets */; };
		30B188D1180404EF0088D6F5 /* Foundation.framework in Frameworks */ = {isa = PBXBuildFile; fileRef = 30B188B6180404EF0088D6F5 /* Foundation.framework */; };
		30B188D2180404EF0088D6F5 /* UIKit.framework in Frameworks */ = {isa = PBXBuildFile; fileRef = 30B188BA180404EF0088D6F5 /* UIKit.framework */; };
		30B1891F180410980088D6F5 /* MSGRDefaultContact.png in Resources */ = {isa = PBXBuildFile; fileRef = 30B188E7180410980088D6F5 /* MSGRDefaultContact.png */; };
		30B18920180410980088D6F5 /* MSGRLeftBubble.png in Resources */ = {isa = PBXBuildFile; fileRef = 30B188E8180410980088D6F5 /* MSGRLeftBubble.png */; };
		30B18921180410980088D6F5 /* MSGRLeftBubble@2x.png in Resources */ = {isa = PBXBuildFile; fileRef = 30B188E9180410980088D6F5 /* MSGRLeftBubble@2x.png */; };
		30B18922180410980088D6F5 /* MSGRMicrophone.png in Resources */ = {isa = PBXBuildFile; fileRef = 30B188EA180410980088D6F5 /* MSGRMicrophone.png */; };
		30B18923180410980088D6F5 /* MSGRMicrophone@2x.png in Resources */ = {isa = PBXBuildFile; fileRef = 30B188EB180410980088D6F5 /* MSGRMicrophone@2x.png */; };
		30B18924180410980088D6F5 /* MSGRRightBubble.png in Resources */ = {isa = PBXBuildFile; fileRef = 30B188EC180410980088D6F5 /* MSGRRightBubble.png */; };
		30B18925180410980088D6F5 /* MSGRRightBubble@2x.png in Resources */ = {isa = PBXBuildFile; fileRef = 30B188ED180410980088D6F5 /* MSGRRightBubble@2x.png */; };
		30B18926180410980088D6F5 /* MSGRText.png in Resources */ = {isa = PBXBuildFile; fileRef = 30B188EE180410980088D6F5 /* MSGRText.png */; };
		30B18927180410980088D6F5 /* MSGRText@2x.png in Resources */ = {isa = PBXBuildFile; fileRef = 30B188EF180410980088D6F5 /* MSGRText@2x.png */; };
		30B18928180410980088D6F5 /* MSGRAPIClient.m in Sources */ = {isa = PBXBuildFile; fileRef = 30B188F1180410980088D6F5 /* MSGRAPIClient.m */; };
		30B18929180410980088D6F5 /* MSGRAudioComposer.m in Sources */ = {isa = PBXBuildFile; fileRef = 30B188F3180410980088D6F5 /* MSGRAudioComposer.m */; };
		30B1892A180410980088D6F5 /* MSGRBaseObject.m in Sources */ = {isa = PBXBuildFile; fileRef = 30B188F5180410980088D6F5 /* MSGRBaseObject.m */; };
		30B1892B180410980088D6F5 /* MSGRCanvasImageView.m in Sources */ = {isa = PBXBuildFile; fileRef = 30B188F7180410980088D6F5 /* MSGRCanvasImageView.m */; };
		30B1892C180410980088D6F5 /* MSGRCategories.m in Sources */ = {isa = PBXBuildFile; fileRef = 30B188F9180410980088D6F5 /* MSGRCategories.m */; };
		30B1892D180410980088D6F5 /* MSGRConvListCell.m in Sources */ = {isa = PBXBuildFile; fileRef = 30B188FB180410980088D6F5 /* MSGRConvListCell.m */; };
		30B1892E180410980088D6F5 /* MSGRConvListViewController.m in Sources */ = {isa = PBXBuildFile; fileRef = 30B188FD180410980088D6F5 /* MSGRConvListViewController.m */; };
		30B1892F180410980088D6F5 /* MSGRConvObject.m in Sources */ = {isa = PBXBuildFile; fileRef = 30B188FF180410980088D6F5 /* MSGRConvObject.m */; };
		30B18930180410980088D6F5 /* MSGRImageComposeViewController.m in Sources */ = {isa = PBXBuildFile; fileRef = 30B18901180410980088D6F5 /* MSGRImageComposeViewController.m */; };
		30B18931180410980088D6F5 /* MSGRMessenger.m in Sources */ = {isa = PBXBuildFile; fileRef = 30B18903180410980088D6F5 /* MSGRMessenger.m */; };
		30B18932180410980088D6F5 /* MSGRMsgBubbleCell.m in Sources */ = {isa = PBXBuildFile; fileRef = 30B18906180410980088D6F5 /* MSGRMsgBubbleCell.m */; };
		30B18933180410980088D6F5 /* MSGRMsgObject.m in Sources */ = {isa = PBXBuildFile; fileRef = 30B18908180410980088D6F5 /* MSGRMsgObject.m */; };
		30B18934180410980088D6F5 /* MSGRNavigationController.m in Sources */ = {isa = PBXBuildFile; fileRef = 30B1890A180410980088D6F5 /* MSGRNavigationController.m */; };
		30B18935180410980088D6F5 /* MSGRObjectSQLiteStore.m in Sources */ = {isa = PBXBuildFile; fileRef = 30B1890C180410980088D6F5 /* MSGRObjectSQLiteStore.m */; };
		30B18936180410980088D6F5 /* MSGRObjectStore.m in Sources */ = {isa = PBXBuildFile; fileRef = 30B1890E180410980088D6F5 /* MSGRObjectStore.m */; };
		30B18937180410980088D6F5 /* MSGRPopOverMenu.m in Sources */ = {isa = PBXBuildFile; fileRef = 30B18910180410980088D6F5 /* MSGRPopOverMenu.m */; };
		30B18938180410980088D6F5 /* MSGRSearchBar.m in Sources */ = {isa = PBXBuildFile; fileRef = 30B18912180410980088D6F5 /* MSGRSearchBar.m */; };
		30B18939180410980088D6F5 /* MSGRStroke.m in Sources */ = {isa = PBXBuildFile; fileRef = 30B18914180410980088D6F5 /* MSGRStroke.m */; };
		30B1893A180410980088D6F5 /* MSGRTalkConnectionThread.m in Sources */ = {isa = PBXBuildFile; fileRef = 30B18916180410980088D6F5 /* MSGRTalkConnectionThread.m */; };
		30B1893B180410980088D6F5 /* MSGRTalkWithUserViewController.m in Sources */ = {isa = PBXBuildFile; fileRef = 30B18918180410980088D6F5 /* MSGRTalkWithUserViewController.m */; };
		30B1893C180410980088D6F5 /* MSGRTickConnection.m in Sources */ = {isa = PBXBuildFile; fileRef = 30B1891A180410980088D6F5 /* MSGRTickConnection.m */; };
		30B1893D180410980088D6F5 /* MSGRUserObject.m in Sources */ = {isa = PBXBuildFile; fileRef = 30B1891C180410980088D6F5 /* MSGRUserObject.m */; };
		30B1893E180410980088D6F5 /* MSGRUtilities.m in Sources */ = {isa = PBXBuildFile; fileRef = 30B1891E180410980088D6F5 /* MSGRUtilities.m */; };
		30B18940180410B30088D6F5 /* libsqlite3.dylib in Frameworks */ = {isa = PBXBuildFile; fileRef = 30B1893F180410B30088D6F5 /* libsqlite3.dylib */; };
		30B18942180410CA0088D6F5 /* CFNetwork.framework in Frameworks */ = {isa = PBXBuildFile; fileRef = 30B18941180410CA0088D6F5 /* CFNetwork.framework */; };
/* End PBXBuildFile section */

/* Begin PBXContainerItemProxy section */
		30B188D3180404EF0088D6F5 /* PBXContainerItemProxy */ = {
			isa = PBXContainerItemProxy;
			containerPortal = 30B188AB180404EF0088D6F5 /* Project object */;
			proxyType = 1;
			remoteGlobalIDString = 30B188B2180404EF0088D6F5;
			remoteInfo = MsgrDemo;
		};
/* End PBXContainerItemProxy section */

/* Begin PBXFileReference section */
		064312F41872BDF900D0A689 /* 57x57.png */ = {isa = PBXFileReference; lastKnownFileType = image.png; path = 57x57.png; sourceTree = "<group>"; };
		064312F51872BE1100D0A689 /* 114x114.png */ = {isa = PBXFileReference; lastKnownFileType = image.png; path = 114x114.png; sourceTree = "<group>"; };
		064312F61872BE2500D0A689 /* 120x120.png */ = {isa = PBXFileReference; lastKnownFileType = image.png; path = 120x120.png; sourceTree = "<group>"; };
		064312F71872BE3600D0A689 /* 29x29.png */ = {isa = PBXFileReference; lastKnownFileType = image.png; path = 29x29.png; sourceTree = "<group>"; };
		064312F81872BE4800D0A689 /* 58x58.png */ = {isa = PBXFileReference; lastKnownFileType = image.png; path = 58x58.png; sourceTree = "<group>"; };
		064312F91872BE5700D0A689 /* 80x80.png */ = {isa = PBXFileReference; lastKnownFileType = image.png; path = 80x80.png; sourceTree = "<group>"; };
		064312FA1872BE7F00D0A689 /* Default.png */ = {isa = PBXFileReference; lastKnownFileType = image.png; path = Default.png; sourceTree = "<group>"; };
		064312FB1872BE9A00D0A689 /* Default~iphone.png */ = {isa = PBXFileReference; lastKnownFileType = image.png; path = "Default~iphone.png"; sourceTree = "<group>"; };
		064312FC1872BEAF00D0A689 /* Default-568h@2x.png */ = {isa = PBXFileReference; lastKnownFileType = image.png; path = "Default-568h@2x.png"; sourceTree = "<group>"; };
		06BA94761804DDEA004B7A33 /* AVFoundation.framework */ = {isa = PBXFileReference; lastKnownFileType = wrapper.framework; name = AVFoundation.framework; path = System/Library/Frameworks/AVFoundation.framework; sourceTree = SDKROOT; };
		30A7B3A418093E5B0096A40C /* MSGRDEMOLoginViewController.h */ = {isa = PBXFileReference; fileEncoding = 4; lastKnownFileType = sourcecode.c.h; path = MSGRDEMOLoginViewController.h; sourceTree = "<group>"; };
		30A7B3A518093E5B0096A40C /* MSGRDEMOLoginViewController.m */ = {isa = PBXFileReference; fileEncoding = 4; lastKnownFileType = sourcecode.c.objc; path = MSGRDEMOLoginViewController.m; sourceTree = "<group>"; };
		30A7B3A718093EA00096A40C /* MSGRDEMOLoginCell.h */ = {isa = PBXFileReference; fileEncoding = 4; lastKnownFileType = sourcecode.c.h; path = MSGRDEMOLoginCell.h; sourceTree = "<group>"; };
		30A7B3A818093EA00096A40C /* MSGRDEMOLoginCell.m */ = {isa = PBXFileReference; fileEncoding = 4; lastKnownFileType = sourcecode.c.objc; path = MSGRDEMOLoginCell.m; sourceTree = "<group>"; };
		30B188B3180404EF0088D6F5 /* MsgrDemo.app */ = {isa = PBXFileReference; explicitFileType = wrapper.application; includeInIndex = 0; path = MsgrDemo.app; sourceTree = BUILT_PRODUCTS_DIR; };
		30B188B6180404EF0088D6F5 /* Foundation.framework */ = {isa = PBXFileReference; lastKnownFileType = wrapper.framework; name = Foundation.framework; path = System/Library/Frameworks/Foundation.framework; sourceTree = SDKROOT; };
		30B188B8180404EF0088D6F5 /* CoreGraphics.framework */ = {isa = PBXFileReference; lastKnownFileType = wrapper.framework; name = CoreGraphics.framework; path = System/Library/Frameworks/CoreGraphics.framework; sourceTree = SDKROOT; };
		30B188BA180404EF0088D6F5 /* UIKit.framework */ = {isa = PBXFileReference; lastKnownFileType = wrapper.framework; name = UIKit.framework; path = System/Library/Frameworks/UIKit.framework; sourceTree = SDKROOT; };
		30B188BE180404EF0088D6F5 /* MsgrDemo-Info.plist */ = {isa = PBXFileReference; lastKnownFileType = text.plist.xml; path = "MsgrDemo-Info.plist"; sourceTree = "<group>"; };
		30B188C0180404EF0088D6F5 /* en */ = {isa = PBXFileReference; lastKnownFileType = text.plist.strings; name = en; path = en.lproj/InfoPlist.strings; sourceTree = "<group>"; };
		30B188C2180404EF0088D6F5 /* main.m */ = {isa = PBXFileReference; lastKnownFileType = sourcecode.c.objc; path = main.m; sourceTree = "<group>"; };
		30B188C4180404EF0088D6F5 /* MsgrDemo-Prefix.pch */ = {isa = PBXFileReference; lastKnownFileType = sourcecode.c.h; path = "MsgrDemo-Prefix.pch"; sourceTree = "<group>"; };
		30B188C5180404EF0088D6F5 /* MSGRAppDelegate.h */ = {isa = PBXFileReference; lastKnownFileType = sourcecode.c.h; path = MSGRAppDelegate.h; sourceTree = "<group>"; };
		30B188C6180404EF0088D6F5 /* MSGRAppDelegate.m */ = {isa = PBXFileReference; lastKnownFileType = sourcecode.c.objc; path = MSGRAppDelegate.m; sourceTree = "<group>"; };
		30B188C8180404EF0088D6F5 /* Images.xcassets */ = {isa = PBXFileReference; lastKnownFileType = folder; path = Images.xcassets; sourceTree = "<group>"; };
		30B188CE180404EF0088D6F5 /* MsgrDemoTests.xctest */ = {isa = PBXFileReference; explicitFileType = wrapper.cfbundle; includeInIndex = 0; path = MsgrDemoTests.xctest; sourceTree = BUILT_PRODUCTS_DIR; };
		30B188E7180410980088D6F5 /* MSGRDefaultContact.png */ = {isa = PBXFileReference; lastKnownFileType = image.png; path = MSGRDefaultContact.png; sourceTree = "<group>"; };
		30B188E8180410980088D6F5 /* MSGRLeftBubble.png */ = {isa = PBXFileReference; lastKnownFileType = image.png; path = MSGRLeftBubble.png; sourceTree = "<group>"; };
		30B188E9180410980088D6F5 /* MSGRLeftBubble@2x.png */ = {isa = PBXFileReference; lastKnownFileType = image.png; path = "MSGRLeftBubble@2x.png"; sourceTree = "<group>"; };
		30B188EA180410980088D6F5 /* MSGRMicrophone.png */ = {isa = PBXFileReference; lastKnownFileType = image.png; path = MSGRMicrophone.png; sourceTree = "<group>"; };
		30B188EB180410980088D6F5 /* MSGRMicrophone@2x.png */ = {isa = PBXFileReference; lastKnownFileType = image.png; path = "MSGRMicrophone@2x.png"; sourceTree = "<group>"; };
		30B188EC180410980088D6F5 /* MSGRRightBubble.png */ = {isa = PBXFileReference; lastKnownFileType = image.png; path = MSGRRightBubble.png; sourceTree = "<group>"; };
		30B188ED180410980088D6F5 /* MSGRRightBubble@2x.png */ = {isa = PBXFileReference; lastKnownFileType = image.png; path = "MSGRRightBubble@2x.png"; sourceTree = "<group>"; };
		30B188EE180410980088D6F5 /* MSGRText.png */ = {isa = PBXFileReference; lastKnownFileType = image.png; path = MSGRText.png; sourceTree = "<group>"; };
		30B188EF180410980088D6F5 /* MSGRText@2x.png */ = {isa = PBXFileReference; lastKnownFileType = image.png; path = "MSGRText@2x.png"; sourceTree = "<group>"; };
		30B188F0180410980088D6F5 /* MSGRAPIClient.h */ = {isa = PBXFileReference; fileEncoding = 4; lastKnownFileType = sourcecode.c.h; path = MSGRAPIClient.h; sourceTree = "<group>"; };
		30B188F1180410980088D6F5 /* MSGRAPIClient.m */ = {isa = PBXFileReference; fileEncoding = 4; lastKnownFileType = sourcecode.c.objc; path = MSGRAPIClient.m; sourceTree = "<group>"; };
		30B188F2180410980088D6F5 /* MSGRAudioComposer.h */ = {isa = PBXFileReference; fileEncoding = 4; lastKnownFileType = sourcecode.c.h; path = MSGRAudioComposer.h; sourceTree = "<group>"; };
		30B188F3180410980088D6F5 /* MSGRAudioComposer.m */ = {isa = PBXFileReference; fileEncoding = 4; lastKnownFileType = sourcecode.c.objc; path = MSGRAudioComposer.m; sourceTree = "<group>"; };
		30B188F4180410980088D6F5 /* MSGRBaseObject.h */ = {isa = PBXFileReference; fileEncoding = 4; lastKnownFileType = sourcecode.c.h; path = MSGRBaseObject.h; sourceTree = "<group>"; };
		30B188F5180410980088D6F5 /* MSGRBaseObject.m */ = {isa = PBXFileReference; fileEncoding = 4; lastKnownFileType = sourcecode.c.objc; path = MSGRBaseObject.m; sourceTree = "<group>"; };
		30B188F6180410980088D6F5 /* MSGRCanvasImageView.h */ = {isa = PBXFileReference; fileEncoding = 4; lastKnownFileType = sourcecode.c.h; path = MSGRCanvasImageView.h; sourceTree = "<group>"; };
		30B188F7180410980088D6F5 /* MSGRCanvasImageView.m */ = {isa = PBXFileReference; fileEncoding = 4; lastKnownFileType = sourcecode.c.objc; path = MSGRCanvasImageView.m; sourceTree = "<group>"; };
		30B188F8180410980088D6F5 /* MSGRCategories.h */ = {isa = PBXFileReference; fileEncoding = 4; lastKnownFileType = sourcecode.c.h; path = MSGRCategories.h; sourceTree = "<group>"; };
		30B188F9180410980088D6F5 /* MSGRCategories.m */ = {isa = PBXFileReference; fileEncoding = 4; lastKnownFileType = sourcecode.c.objc; path = MSGRCategories.m; sourceTree = "<group>"; };
		30B188FA180410980088D6F5 /* MSGRConvListCell.h */ = {isa = PBXFileReference; fileEncoding = 4; lastKnownFileType = sourcecode.c.h; path = MSGRConvListCell.h; sourceTree = "<group>"; };
		30B188FB180410980088D6F5 /* MSGRConvListCell.m */ = {isa = PBXFileReference; fileEncoding = 4; lastKnownFileType = sourcecode.c.objc; path = MSGRConvListCell.m; sourceTree = "<group>"; };
		30B188FC180410980088D6F5 /* MSGRConvListViewController.h */ = {isa = PBXFileReference; fileEncoding = 4; lastKnownFileType = sourcecode.c.h; path = MSGRConvListViewController.h; sourceTree = "<group>"; };
		30B188FD180410980088D6F5 /* MSGRConvListViewController.m */ = {isa = PBXFileReference; fileEncoding = 4; lastKnownFileType = sourcecode.c.objc; path = MSGRConvListViewController.m; sourceTree = "<group>"; };
		30B188FE180410980088D6F5 /* MSGRConvObject.h */ = {isa = PBXFileReference; fileEncoding = 4; lastKnownFileType = sourcecode.c.h; path = MSGRConvObject.h; sourceTree = "<group>"; };
		30B188FF180410980088D6F5 /* MSGRConvObject.m */ = {isa = PBXFileReference; fileEncoding = 4; lastKnownFileType = sourcecode.c.objc; path = MSGRConvObject.m; sourceTree = "<group>"; };
		30B18900180410980088D6F5 /* MSGRImageComposeViewController.h */ = {isa = PBXFileReference; fileEncoding = 4; lastKnownFileType = sourcecode.c.h; path = MSGRImageComposeViewController.h; sourceTree = "<group>"; };
		30B18901180410980088D6F5 /* MSGRImageComposeViewController.m */ = {isa = PBXFileReference; fileEncoding = 4; lastKnownFileType = sourcecode.c.objc; path = MSGRImageComposeViewController.m; sourceTree = "<group>"; };
		30B18902180410980088D6F5 /* MSGRMessenger.h */ = {isa = PBXFileReference; fileEncoding = 4; lastKnownFileType = sourcecode.c.h; path = MSGRMessenger.h; sourceTree = "<group>"; };
		30B18903180410980088D6F5 /* MSGRMessenger.m */ = {isa = PBXFileReference; fileEncoding = 4; lastKnownFileType = sourcecode.c.objc; path = MSGRMessenger.m; sourceTree = "<group>"; };
		30B18904180410980088D6F5 /* MSGRMessengerDelegate.h */ = {isa = PBXFileReference; fileEncoding = 4; lastKnownFileType = sourcecode.c.h; path = MSGRMessengerDelegate.h; sourceTree = "<group>"; };
		30B18905180410980088D6F5 /* MSGRMsgBubbleCell.h */ = {isa = PBXFileReference; fileEncoding = 4; lastKnownFileType = sourcecode.c.h; path = MSGRMsgBubbleCell.h; sourceTree = "<group>"; };
		30B18906180410980088D6F5 /* MSGRMsgBubbleCell.m */ = {isa = PBXFileReference; fileEncoding = 4; lastKnownFileType = sourcecode.c.objc; path = MSGRMsgBubbleCell.m; sourceTree = "<group>"; };
		30B18907180410980088D6F5 /* MSGRMsgObject.h */ = {isa = PBXFileReference; fileEncoding = 4; lastKnownFileType = sourcecode.c.h; path = MSGRMsgObject.h; sourceTree = "<group>"; };
		30B18908180410980088D6F5 /* MSGRMsgObject.m */ = {isa = PBXFileReference; fileEncoding = 4; lastKnownFileType = sourcecode.c.objc; path = MSGRMsgObject.m; sourceTree = "<group>"; };
		30B18909180410980088D6F5 /* MSGRNavigationController.h */ = {isa = PBXFileReference; fileEncoding = 4; lastKnownFileType = sourcecode.c.h; path = MSGRNavigationController.h; sourceTree = "<group>"; };
		30B1890A180410980088D6F5 /* MSGRNavigationController.m */ = {isa = PBXFileReference; fileEncoding = 4; lastKnownFileType = sourcecode.c.objc; path = MSGRNavigationController.m; sourceTree = "<group>"; };
		30B1890B180410980088D6F5 /* MSGRObjectSQLiteStore.h */ = {isa = PBXFileReference; fileEncoding = 4; lastKnownFileType = sourcecode.c.h; path = MSGRObjectSQLiteStore.h; sourceTree = "<group>"; };
		30B1890C180410980088D6F5 /* MSGRObjectSQLiteStore.m */ = {isa = PBXFileReference; fileEncoding = 4; lastKnownFileType = sourcecode.c.objc; path = MSGRObjectSQLiteStore.m; sourceTree = "<group>"; };
		30B1890D180410980088D6F5 /* MSGRObjectStore.h */ = {isa = PBXFileReference; fileEncoding = 4; lastKnownFileType = sourcecode.c.h; path = MSGRObjectStore.h; sourceTree = "<group>"; };
		30B1890E180410980088D6F5 /* MSGRObjectStore.m */ = {isa = PBXFileReference; fileEncoding = 4; lastKnownFileType = sourcecode.c.objc; path = MSGRObjectStore.m; sourceTree = "<group>"; };
		30B1890F180410980088D6F5 /* MSGRPopOverMenu.h */ = {isa = PBXFileReference; fileEncoding = 4; lastKnownFileType = sourcecode.c.h; path = MSGRPopOverMenu.h; sourceTree = "<group>"; };
		30B18910180410980088D6F5 /* MSGRPopOverMenu.m */ = {isa = PBXFileReference; fileEncoding = 4; lastKnownFileType = sourcecode.c.objc; path = MSGRPopOverMenu.m; sourceTree = "<group>"; };
		30B18911180410980088D6F5 /* MSGRSearchBar.h */ = {isa = PBXFileReference; fileEncoding = 4; lastKnownFileType = sourcecode.c.h; path = MSGRSearchBar.h; sourceTree = "<group>"; };
		30B18912180410980088D6F5 /* MSGRSearchBar.m */ = {isa = PBXFileReference; fileEncoding = 4; lastKnownFileType = sourcecode.c.objc; path = MSGRSearchBar.m; sourceTree = "<group>"; };
		30B18913180410980088D6F5 /* MSGRStroke.h */ = {isa = PBXFileReference; fileEncoding = 4; lastKnownFileType = sourcecode.c.h; path = MSGRStroke.h; sourceTree = "<group>"; };
		30B18914180410980088D6F5 /* MSGRStroke.m */ = {isa = PBXFileReference; fileEncoding = 4; lastKnownFileType = sourcecode.c.objc; path = MSGRStroke.m; sourceTree = "<group>"; };
		30B18915180410980088D6F5 /* MSGRTalkConnectionThread.h */ = {isa = PBXFileReference; fileEncoding = 4; lastKnownFileType = sourcecode.c.h; path = MSGRTalkConnectionThread.h; sourceTree = "<group>"; };
		30B18916180410980088D6F5 /* MSGRTalkConnectionThread.m */ = {isa = PBXFileReference; fileEncoding = 4; lastKnownFileType = sourcecode.c.objc; path = MSGRTalkConnectionThread.m; sourceTree = "<group>"; };
		30B18917180410980088D6F5 /* MSGRTalkWithUserViewController.h */ = {isa = PBXFileReference; fileEncoding = 4; lastKnownFileType = sourcecode.c.h; path = MSGRTalkWithUserViewController.h; sourceTree = "<group>"; };
		30B18918180410980088D6F5 /* MSGRTalkWithUserViewController.m */ = {isa = PBXFileReference; fileEncoding = 4; lastKnownFileType = sourcecode.c.objc; path = MSGRTalkWithUserViewController.m; sourceTree = "<group>"; };
		30B18919180410980088D6F5 /* MSGRTickConnection.h */ = {isa = PBXFileReference; fileEncoding = 4; lastKnownFileType = sourcecode.c.h; path = MSGRTickConnection.h; sourceTree = "<group>"; };
		30B1891A180410980088D6F5 /* MSGRTickConnection.m */ = {isa = PBXFileReference; fileEncoding = 4; lastKnownFileType = sourcecode.c.objc; path = MSGRTickConnection.m; sourceTree = "<group>"; };
		30B1891B180410980088D6F5 /* MSGRUserObject.h */ = {isa = PBXFileReference; fileEncoding = 4; lastKnownFileType = sourcecode.c.h; path = MSGRUserObject.h; sourceTree = "<group>"; };
		30B1891C180410980088D6F5 /* MSGRUserObject.m */ = {isa = PBXFileReference; fileEncoding = 4; lastKnownFileType = sourcecode.c.objc; path = MSGRUserObject.m; sourceTree = "<group>"; };
		30B1891D180410980088D6F5 /* MSGRUtilities.h */ = {isa = PBXFileReference; fileEncoding = 4; lastKnownFileType = sourcecode.c.h; path = MSGRUtilities.h; sourceTree = "<group>"; };
		30B1891E180410980088D6F5 /* MSGRUtilities.m */ = {isa = PBXFileReference; fileEncoding = 4; lastKnownFileType = sourcecode.c.objc; path = MSGRUtilities.m; sourceTree = "<group>"; };
		30B1893F180410B30088D6F5 /* libsqlite3.dylib */ = {isa = PBXFileReference; lastKnownFileType = "compiled.mach-o.dylib"; name = libsqlite3.dylib; path = usr/lib/libsqlite3.dylib; sourceTree = SDKROOT; };
		30B18941180410CA0088D6F5 /* CFNetwork.framework */ = {isa = PBXFileReference; lastKnownFileType = wrapper.framework; name = CFNetwork.framework; path = System/Library/Frameworks/CFNetwork.framework; sourceTree = SDKROOT; };
/* End PBXFileReference section */

/* Begin PBXFrameworksBuildPhase section */
		30B188B0180404EF0088D6F5 /* Frameworks */ = {
			isa = PBXFrameworksBuildPhase;
			buildActionMask = 2147483647;
			files = (
				06BA94771804DDEA004B7A33 /* AVFoundation.framework in Frameworks */,
				30B18942180410CA0088D6F5 /* CFNetwork.framework in Frameworks */,
				30B18940180410B30088D6F5 /* libsqlite3.dylib in Frameworks */,
				30B188B9180404EF0088D6F5 /* CoreGraphics.framework in Frameworks */,
				30B188BB180404EF0088D6F5 /* UIKit.framework in Frameworks */,
				30B188B7180404EF0088D6F5 /* Foundation.framework in Frameworks */,
			);
			runOnlyForDeploymentPostprocessing = 0;
		};
		30B188CB180404EF0088D6F5 /* Frameworks */ = {
			isa = PBXFrameworksBuildPhase;
			buildActionMask = 2147483647;
			files = (
				30B188D2180404EF0088D6F5 /* UIKit.framework in Frameworks */,
				30B188D1180404EF0088D6F5 /* Foundation.framework in Frameworks */,
			);
			runOnlyForDeploymentPostprocessing = 0;
		};
/* End PBXFrameworksBuildPhase section */

/* Begin PBXGroup section */
		064B14A81837399200E39234 /* Networking */ = {
			isa = PBXGroup;
			children = (
				30B18915180410980088D6F5 /* MSGRTalkConnectionThread.h */,
				30B18916180410980088D6F5 /* MSGRTalkConnectionThread.m */,
				30B18919180410980088D6F5 /* MSGRTickConnection.h */,
				30B1891A180410980088D6F5 /* MSGRTickConnection.m */,
				30B188F0180410980088D6F5 /* MSGRAPIClient.h */,
				30B188F1180410980088D6F5 /* MSGRAPIClient.m */,
			);
			name = Networking;
			sourceTree = "<group>";
		};
		064B14AA183739C600E39234 /* Views */ = {
			isa = PBXGroup;
			children = (
				30B18909180410980088D6F5 /* MSGRNavigationController.h */,
				30B1890A180410980088D6F5 /* MSGRNavigationController.m */,
				30B18917180410980088D6F5 /* MSGRTalkWithUserViewController.h */,
				30B18918180410980088D6F5 /* MSGRTalkWithUserViewController.m */,
				30B18911180410980088D6F5 /* MSGRSearchBar.h */,
				30B18912180410980088D6F5 /* MSGRSearchBar.m */,
				30B18913180410980088D6F5 /* MSGRStroke.h */,
				30B18914180410980088D6F5 /* MSGRStroke.m */,
				30B188FC180410980088D6F5 /* MSGRConvListViewController.h */,
				30B188FD180410980088D6F5 /* MSGRConvListViewController.m */,
				30B188FA180410980088D6F5 /* MSGRConvListCell.h */,
				30B188FB180410980088D6F5 /* MSGRConvListCell.m */,
				30B18900180410980088D6F5 /* MSGRImageComposeViewController.h */,
				30B18901180410980088D6F5 /* MSGRImageComposeViewController.m */,
				30B18905180410980088D6F5 /* MSGRMsgBubbleCell.h */,
				30B18906180410980088D6F5 /* MSGRMsgBubbleCell.m */,
				30B188F6180410980088D6F5 /* MSGRCanvasImageView.h */,
				30B188F7180410980088D6F5 /* MSGRCanvasImageView.m */,
				30B188F2180410980088D6F5 /* MSGRAudioComposer.h */,
				30B188F3180410980088D6F5 /* MSGRAudioComposer.m */,
			);
			name = Views;
			sourceTree = "<group>";
		};
		064B14AB183739F400E39234 /* Objects */ = {
			isa = PBXGroup;
			children = (
				30B188FE180410980088D6F5 /* MSGRConvObject.h */,
				30B188FF180410980088D6F5 /* MSGRConvObject.m */,
				30B188F4180410980088D6F5 /* MSGRBaseObject.h */,
				30B188F5180410980088D6F5 /* MSGRBaseObject.m */,
				30B18907180410980088D6F5 /* MSGRMsgObject.h */,
				30B18908180410980088D6F5 /* MSGRMsgObject.m */,
				30B1891B180410980088D6F5 /* MSGRUserObject.h */,
				30B1891C180410980088D6F5 /* MSGRUserObject.m */,
			);
			name = Objects;
			sourceTree = "<group>";
		};
		064B14AC18373A5D00E39234 /* Store */ = {
			isa = PBXGroup;
			children = (
				30B1890D180410980088D6F5 /* MSGRObjectStore.h */,
				30B1890E180410980088D6F5 /* MSGRObjectStore.m */,
				30B1890B180410980088D6F5 /* MSGRObjectSQLiteStore.h */,
				30B1890C180410980088D6F5 /* MSGRObjectSQLiteStore.m */,
			);
			name = Store;
			sourceTree = "<group>";
		};
		064B14AD18373A9A00E39234 /* Misc */ = {
			isa = PBXGroup;
			children = (
				30B1891D180410980088D6F5 /* MSGRUtilities.h */,
				30B1891E180410980088D6F5 /* MSGRUtilities.m */,
				30B188F8180410980088D6F5 /* MSGRCategories.h */,
				30B188F9180410980088D6F5 /* MSGRCategories.m */,
				30B1890F180410980088D6F5 /* MSGRPopOverMenu.h */,
				30B18910180410980088D6F5 /* MSGRPopOverMenu.m */,
			);
			name = Misc;
			sourceTree = "<group>";
		};
		064B14AE18373B2100E39234 /* Messenger */ = {
			isa = PBXGroup;
			children = (
				30B18902180410980088D6F5 /* MSGRMessenger.h */,
				30B18903180410980088D6F5 /* MSGRMessenger.m */,
				30B18904180410980088D6F5 /* MSGRMessengerDelegate.h */,
			);
			name = Messenger;
			sourceTree = "<group>";
		};
		30B188AA180404EF0088D6F5 = {
			isa = PBXGroup;
			children = (
				064312FC1872BEAF00D0A689 /* Default-568h@2x.png */,
				064312FB1872BE9A00D0A689 /* Default~iphone.png */,
				064312FA1872BE7F00D0A689 /* Default.png */,
				064312F91872BE5700D0A689 /* 80x80.png */,
				064312F81872BE4800D0A689 /* 58x58.png */,
				064312F71872BE3600D0A689 /* 29x29.png */,
				064312F61872BE2500D0A689 /* 120x120.png */,
				064312F51872BE1100D0A689 /* 114x114.png */,
				064312F41872BDF900D0A689 /* 57x57.png */,
				30B188BC180404EF0088D6F5 /* MsgrDemo */,
				30B188B5180404EF0088D6F5 /* Frameworks */,
				30B188B4180404EF0088D6F5 /* Products */,
			);
			sourceTree = "<group>";
		};
		30B188B4180404EF0088D6F5 /* Products */ = {
			isa = PBXGroup;
			children = (
				30B188B3180404EF0088D6F5 /* MsgrDemo.app */,
				30B188CE180404EF0088D6F5 /* MsgrDemoTests.xctest */,
			);
			name = Products;
			sourceTree = "<group>";
		};
		30B188B5180404EF0088D6F5 /* Frameworks */ = {
			isa = PBXGroup;
			children = (
				06BA94761804DDEA004B7A33 /* AVFoundation.framework */,
				30B18941180410CA0088D6F5 /* CFNetwork.framework */,
				30B1893F180410B30088D6F5 /* libsqlite3.dylib */,
				30B188B6180404EF0088D6F5 /* Foundation.framework */,
				30B188B8180404EF0088D6F5 /* CoreGraphics.framework */,
				30B188BA180404EF0088D6F5 /* UIKit.framework */,
			);
			name = Frameworks;
			sourceTree = "<group>";
		};
		30B188BC180404EF0088D6F5 /* MsgrDemo */ = {
			isa = PBXGroup;
			children = (
				30B188E5180410980088D6F5 /* MSGR */,
				30B188C5180404EF0088D6F5 /* MSGRAppDelegate.h */,
				30B188C6180404EF0088D6F5 /* MSGRAppDelegate.m */,
				30A7B3A418093E5B0096A40C /* MSGRDEMOLoginViewController.h */,
				30A7B3A518093E5B0096A40C /* MSGRDEMOLoginViewController.m */,
				30A7B3A718093EA00096A40C /* MSGRDEMOLoginCell.h */,
				30A7B3A818093EA00096A40C /* MSGRDEMOLoginCell.m */,
				30B188C8180404EF0088D6F5 /* Images.xcassets */,
				30B188BD180404EF0088D6F5 /* Supporting Files */,
			);
			path = MsgrDemo;
			sourceTree = "<group>";
		};
		30B188BD180404EF0088D6F5 /* Supporting Files */ = {
			isa = PBXGroup;
			children = (
				30B188BE180404EF0088D6F5 /* MsgrDemo-Info.plist */,
				30B188BF180404EF0088D6F5 /* InfoPlist.strings */,
				30B188C2180404EF0088D6F5 /* main.m */,
				30B188C4180404EF0088D6F5 /* MsgrDemo-Prefix.pch */,
			);
			name = "Supporting Files";
			sourceTree = "<group>";
		};
		30B188E5180410980088D6F5 /* MSGR */ = {
			isa = PBXGroup;
			children = (
				064B14AE18373B2100E39234 /* Messenger */,
				064B14AD18373A9A00E39234 /* Misc */,
				064B14AC18373A5D00E39234 /* Store */,
				064B14AB183739F400E39234 /* Objects */,
				064B14AA183739C600E39234 /* Views */,
				064B14A81837399200E39234 /* Networking */,
				30B188E6180410980088D6F5 /* Assets */,
			);
			name = MSGR;
			path = ../../MSGR;
			sourceTree = "<group>";
		};
		30B188E6180410980088D6F5 /* Assets */ = {
			isa = PBXGroup;
			children = (
				30B188E7180410980088D6F5 /* MSGRDefaultContact.png */,
				30B188E8180410980088D6F5 /* MSGRLeftBubble.png */,
				30B188E9180410980088D6F5 /* MSGRLeftBubble@2x.png */,
				30B188EA180410980088D6F5 /* MSGRMicrophone.png */,
				30B188EB180410980088D6F5 /* MSGRMicrophone@2x.png */,
				30B188EC180410980088D6F5 /* MSGRRightBubble.png */,
				30B188ED180410980088D6F5 /* MSGRRightBubble@2x.png */,
				30B188EE180410980088D6F5 /* MSGRText.png */,
				30B188EF180410980088D6F5 /* MSGRText@2x.png */,
			);
			path = Assets;
			sourceTree = "<group>";
		};
/* End PBXGroup section */

/* Begin PBXNativeTarget section */
		30B188B2180404EF0088D6F5 /* MsgrDemo */ = {
			isa = PBXNativeTarget;
			buildConfigurationList = 30B188DF180404EF0088D6F5 /* Build configuration list for PBXNativeTarget "MsgrDemo" */;
			buildPhases = (
				30B188AF180404EF0088D6F5 /* Sources */,
				30B188B0180404EF0088D6F5 /* Frameworks */,
				30B188B1180404EF0088D6F5 /* Resources */,
			);
			buildRules = (
			);
			dependencies = (
			);
			name = MsgrDemo;
			productName = MsgrDemo;
			productReference = 30B188B3180404EF0088D6F5 /* MsgrDemo.app */;
			productType = "com.apple.product-type.application";
		};
		30B188CD180404EF0088D6F5 /* MsgrDemoTests */ = {
			isa = PBXNativeTarget;
			buildConfigurationList = 30B188E2180404EF0088D6F5 /* Build configuration list for PBXNativeTarget "MsgrDemoTests" */;
			buildPhases = (
				30B188CA180404EF0088D6F5 /* Sources */,
				30B188CB180404EF0088D6F5 /* Frameworks */,
				30B188CC180404EF0088D6F5 /* Resources */,
			);
			buildRules = (
			);
			dependencies = (
				30B188D4180404EF0088D6F5 /* PBXTargetDependency */,
			);
			name = MsgrDemoTests;
			productName = MsgrDemoTests;
			productReference = 30B188CE180404EF0088D6F5 /* MsgrDemoTests.xctest */;
			productType = "com.apple.product-type.bundle.unit-test";
		};
/* End PBXNativeTarget section */

/* Begin PBXProject section */
		30B188AB180404EF0088D6F5 /* Project object */ = {
			isa = PBXProject;
			attributes = {
				CLASSPREFIX = MSGR;
				LastUpgradeCheck = 0500;
				ORGANIZATIONNAME = msgr;
				TargetAttributes = {
					30B188CD180404EF0088D6F5 = {
						TestTargetID = 30B188B2180404EF0088D6F5;
					};
				};
			};
			buildConfigurationList = 30B188AE180404EF0088D6F5 /* Build configuration list for PBXProject "MsgrDemo" */;
			compatibilityVersion = "Xcode 3.2";
			developmentRegion = English;
			hasScannedForEncodings = 0;
			knownRegions = (
				en,
			);
			mainGroup = 30B188AA180404EF0088D6F5;
			productRefGroup = 30B188B4180404EF0088D6F5 /* Products */;
			projectDirPath = "";
			projectRoot = "";
			targets = (
				30B188B2180404EF0088D6F5 /* MsgrDemo */,
				30B188CD180404EF0088D6F5 /* MsgrDemoTests */,
			);
		};
/* End PBXProject section */

/* Begin PBXResourcesBuildPhase section */
		30B188B1180404EF0088D6F5 /* Resources */ = {
			isa = PBXResourcesBuildPhase;
			buildActionMask = 2147483647;
			files = (
				30B18927180410980088D6F5 /* MSGRText@2x.png in Resources */,
				30B18922180410980088D6F5 /* MSGRMicrophone.png in Resources */,
				30B18925180410980088D6F5 /* MSGRRightBubble@2x.png in Resources */,
				30B18924180410980088D6F5 /* MSGRRightBubble.png in Resources */,
				30B18926180410980088D6F5 /* MSGRText.png in Resources */,
				0668C3A01872C22A00D8B030 /* Default-568h@2x.png in Resources */,
				30B1891F180410980088D6F5 /* MSGRDefaultContact.png in Resources */,
				30B18920180410980088D6F5 /* MSGRLeftBubble.png in Resources */,
				30B188C1180404EF0088D6F5 /* InfoPlist.strings in Resources */,
				30B18921180410980088D6F5 /* MSGRLeftBubble@2x.png in Resources */,
				30B188C9180404EF0088D6F5 /* Images.xcassets in Resources */,
				30B18923180410980088D6F5 /* MSGRMicrophone@2x.png in Resources */,
			);
			runOnlyForDeploymentPostprocessing = 0;
		};
		30B188CC180404EF0088D6F5 /* Resources */ = {
			isa = PBXResourcesBuildPhase;
			buildActionMask = 2147483647;
			files = (
			);
			runOnlyForDeploymentPostprocessing = 0;
		};
/* End PBXResourcesBuildPhase section */

/* Begin PBXSourcesBuildPhase section */
		30B188AF180404EF0088D6F5 /* Sources */ = {
			isa = PBXSourcesBuildPhase;
			buildActionMask = 2147483647;
			files = (
				30B18931180410980088D6F5 /* MSGRMessenger.m in Sources */,
				30B1893C180410980088D6F5 /* MSGRTickConnection.m in Sources */,
				30B18935180410980088D6F5 /* MSGRObjectSQLiteStore.m in Sources */,
				30B18934180410980088D6F5 /* MSGRNavigationController.m in Sources */,
				30B1892D180410980088D6F5 /* MSGRConvListCell.m in Sources */,
				30B18938180410980088D6F5 /* MSGRSearchBar.m in Sources */,
				30A7B3A618093E5B0096A40C /* MSGRDEMOLoginViewController.m in Sources */,
				30B1892F180410980088D6F5 /* MSGRConvObject.m in Sources */,
				30B1892C180410980088D6F5 /* MSGRCategories.m in Sources */,
				30B18928180410980088D6F5 /* MSGRAPIClient.m in Sources */,
				30B1892A180410980088D6F5 /* MSGRBaseObject.m in Sources */,
				30B18929180410980088D6F5 /* MSGRAudioComposer.m in Sources */,
				30B188C3180404EF0088D6F5 /* main.m in Sources */,
				30B18936180410980088D6F5 /* MSGRObjectStore.m in Sources */,
				30B18939180410980088D6F5 /* MSGRStroke.m in Sources */,
				30B18930180410980088D6F5 /* MSGRImageComposeViewController.m in Sources */,
				30B1893B180410980088D6F5 /* MSGRTalkWithUserViewController.m in Sources */,
				30B18933180410980088D6F5 /* MSGRMsgObject.m in Sources */,
				30B18932180410980088D6F5 /* MSGRMsgBubbleCell.m in Sources */,
				30B1893D180410980088D6F5 /* MSGRUserObject.m in Sources */,
				30B1893A180410980088D6F5 /* MSGRTalkConnectionThread.m in Sources */,
				30B1893E180410980088D6F5 /* MSGRUtilities.m in Sources */,
				30B188C7180404EF0088D6F5 /* MSGRAppDelegate.m in Sources */,
				30B1892E180410980088D6F5 /* MSGRConvListViewController.m in Sources */,
				30A7B3A918093EA00096A40C /* MSGRDEMOLoginCell.m in Sources */,
				30B1892B180410980088D6F5 /* MSGRCanvasImageView.m in Sources */,
				30B18937180410980088D6F5 /* MSGRPopOverMenu.m in Sources */,
			);
			runOnlyForDeploymentPostprocessing = 0;
		};
		30B188CA180404EF0088D6F5 /* Sources */ = {
			isa = PBXSourcesBuildPhase;
			buildActionMask = 2147483647;
			files = (
			);
			runOnlyForDeploymentPostprocessing = 0;
		};
/* End PBXSourcesBuildPhase section */

/* Begin PBXTargetDependency section */
		30B188D4180404EF0088D6F5 /* PBXTargetDependency */ = {
			isa = PBXTargetDependency;
			target = 30B188B2180404EF0088D6F5 /* MsgrDemo */;
			targetProxy = 30B188D3180404EF0088D6F5 /* PBXContainerItemProxy */;
		};
/* End PBXTargetDependency section */

/* Begin PBXVariantGroup section */
		30B188BF180404EF0088D6F5 /* InfoPlist.strings */ = {
			isa = PBXVariantGroup;
			children = (
				30B188C0180404EF0088D6F5 /* en */,
			);
			name = InfoPlist.strings;
			sourceTree = "<group>";
		};
/* End PBXVariantGroup section */

/* Begin XCBuildConfiguration section */
		30B188DD180404EF0088D6F5 /* Debug */ = {
			isa = XCBuildConfiguration;
			buildSettings = {
				ALWAYS_SEARCH_USER_PATHS = NO;
				ARCHS = "$(ARCHS_STANDARD_INCLUDING_64_BIT)";
				CLANG_CXX_LANGUAGE_STANDARD = "gnu++0x";
				CLANG_CXX_LIBRARY = "libc++";
				CLANG_ENABLE_MODULES = YES;
				CLANG_ENABLE_OBJC_ARC = YES;
				CLANG_WARN_BOOL_CONVERSION = YES;
				CLANG_WARN_CONSTANT_CONVERSION = YES;
				CLANG_WARN_DIRECT_OBJC_ISA_USAGE = YES_ERROR;
				CLANG_WARN_EMPTY_BODY = YES;
				CLANG_WARN_ENUM_CONVERSION = YES;
				CLANG_WARN_INT_CONVERSION = YES;
				CLANG_WARN_OBJC_ROOT_CLASS = YES_ERROR;
				CLANG_WARN__DUPLICATE_METHOD_MATCH = YES;
				"CODE_SIGN_IDENTITY[sdk=iphoneos*]" = "iPhone Developer";
				COPY_PHASE_STRIP = NO;
				GCC_C_LANGUAGE_STANDARD = gnu99;
				GCC_DYNAMIC_NO_PIC = NO;
				GCC_OPTIMIZATION_LEVEL = 0;
				GCC_PREPROCESSOR_DEFINITIONS = (
					"DEBUG=1",
					"$(inherited)",
				);
				GCC_SYMBOLS_PRIVATE_EXTERN = NO;
				GCC_WARN_64_TO_32_BIT_CONVERSION = YES;
				GCC_WARN_ABOUT_RETURN_TYPE = YES_ERROR;
				GCC_WARN_UNDECLARED_SELECTOR = YES;
				GCC_WARN_UNINITIALIZED_AUTOS = YES;
				GCC_WARN_UNUSED_FUNCTION = YES;
				GCC_WARN_UNUSED_VARIABLE = YES;
				IPHONEOS_DEPLOYMENT_TARGET = 7.0;
				ONLY_ACTIVE_ARCH = YES;
				SDKROOT = iphoneos;
				TARGETED_DEVICE_FAMILY = "1,2";
			};
			name = Debug;
		};
		30B188DE180404EF0088D6F5 /* Release */ = {
			isa = XCBuildConfiguration;
			buildSettings = {
				ALWAYS_SEARCH_USER_PATHS = NO;
				ARCHS = "$(ARCHS_STANDARD_INCLUDING_64_BIT)";
				CLANG_CXX_LANGUAGE_STANDARD = "gnu++0x";
				CLANG_CXX_LIBRARY = "libc++";
				CLANG_ENABLE_MODULES = YES;
				CLANG_ENABLE_OBJC_ARC = YES;
				CLANG_WARN_BOOL_CONVERSION = YES;
				CLANG_WARN_CONSTANT_CONVERSION = YES;
				CLANG_WARN_DIRECT_OBJC_ISA_USAGE = YES_ERROR;
				CLANG_WARN_EMPTY_BODY = YES;
				CLANG_WARN_ENUM_CONVERSION = YES;
				CLANG_WARN_INT_CONVERSION = YES;
				CLANG_WARN_OBJC_ROOT_CLASS = YES_ERROR;
				CLANG_WARN__DUPLICATE_METHOD_MATCH = YES;
				"CODE_SIGN_IDENTITY[sdk=iphoneos*]" = "iPhone Developer";
				COPY_PHASE_STRIP = YES;
				ENABLE_NS_ASSERTIONS = NO;
				GCC_C_LANGUAGE_STANDARD = gnu99;
				GCC_WARN_64_TO_32_BIT_CONVERSION = YES;
				GCC_WARN_ABOUT_RETURN_TYPE = YES_ERROR;
				GCC_WARN_UNDECLARED_SELECTOR = YES;
				GCC_WARN_UNINITIALIZED_AUTOS = YES;
				GCC_WARN_UNUSED_FUNCTION = YES;
				GCC_WARN_UNUSED_VARIABLE = YES;
				IPHONEOS_DEPLOYMENT_TARGET = 7.0;
				SDKROOT = iphoneos;
				TARGETED_DEVICE_FAMILY = "1,2";
				VALIDATE_PRODUCT = YES;
			};
			name = Release;
		};
		30B188E0180404EF0088D6F5 /* Debug */ = {
			isa = XCBuildConfiguration;
			buildSettings = {
				ARCHS = "$(ARCHS_STANDARD_INCLUDING_64_BIT)";
				CODE_SIGN_IDENTITY = "iPhone Developer";
				"CODE_SIGN_IDENTITY[sdk=iphoneos*]" = "iPhone Developer";
				GCC_PRECOMPILE_PREFIX_HEADER = YES;
				GCC_PREFIX_HEADER = "MsgrDemo/MsgrDemo-Prefix.pch";
				INFOPLIST_FILE = "MsgrDemo/MsgrDemo-Info.plist";
				IPHONEOS_DEPLOYMENT_TARGET = 6.0;
				PRODUCT_NAME = "$(TARGET_NAME)";
				PROVISIONING_PROFILE = "";
				TARGETED_DEVICE_FAMILY = 1;
				WRAPPER_EXTENSION = app;
			};
			name = Debug;
		};
		30B188E1180404EF0088D6F5 /* Release */ = {
			isa = XCBuildConfiguration;
			buildSettings = {
				ARCHS = "$(ARCHS_STANDARD_INCLUDING_64_BIT)";
				CODE_SIGN_IDENTITY = "iPhone Developer";
				"CODE_SIGN_IDENTITY[sdk=iphoneos*]" = "iPhone Developer";
				GCC_PRECOMPILE_PREFIX_HEADER = YES;
				GCC_PREFIX_HEADER = "MsgrDemo/MsgrDemo-Prefix.pch";
				INFOPLIST_FILE = "MsgrDemo/MsgrDemo-Info.plist";
				IPHONEOS_DEPLOYMENT_TARGET = 6.0;
				PRODUCT_NAME = "$(TARGET_NAME)";
				PROVISIONING_PROFILE = "";
				TARGETED_DEVICE_FAMILY = 1;
				WRAPPER_EXTENSION = app;
			};
			name = Release;
		};
		30B188E3180404EF0088D6F5 /* Debug */ = {
			isa = XCBuildConfiguration;
			buildSettings = {
				ARCHS = "$(ARCHS_STANDARD_INCLUDING_64_BIT)";
				BUNDLE_LOADER = "$(BUILT_PRODUCTS_DIR)/MsgrDemo.app/MsgrDemo";
				FRAMEWORK_SEARCH_PATHS = (
					"$(SDKROOT)/Developer/Library/Frameworks",
					"$(inherited)",
					"$(DEVELOPER_FRAMEWORKS_DIR)",
				);
				GCC_PRECOMPILE_PREFIX_HEADER = YES;
				GCC_PREFIX_HEADER = "MsgrDemo/MsgrDemo-Prefix.pch";
				GCC_PREPROCESSOR_DEFINITIONS = (
					"DEBUG=1",
					"$(inherited)",
				);
				INFOPLIST_FILE = "MsgrDemoTests/MsgrDemoTests-Info.plist";
				PRODUCT_NAME = "$(TARGET_NAME)";
				TEST_HOST = "$(BUNDLE_LOADER)";
				WRAPPER_EXTENSION = xctest;
			};
			name = Debug;
		};
		30B188E4180404EF0088D6F5 /* Release */ = {
			isa = XCBuildConfiguration;
			buildSettings = {
				ARCHS = "$(ARCHS_STANDARD_INCLUDING_64_BIT)";
				BUNDLE_LOADER = "$(BUILT_PRODUCTS_DIR)/MsgrDemo.app/MsgrDemo";
				FRAMEWORK_SEARCH_PATHS = (
					"$(SDKROOT)/Developer/Library/Frameworks",
					"$(inherited)",
					"$(DEVELOPER_FRAMEWORKS_DIR)",
				);
				GCC_PRECOMPILE_PREFIX_HEADER = YES;
				GCC_PREFIX_HEADER = "MsgrDemo/MsgrDemo-Prefix.pch";
				INFOPLIST_FILE = "MsgrDemoTests/MsgrDemoTests-Info.plist";
				PRODUCT_NAME = "$(TARGET_NAME)";
				TEST_HOST = "$(BUNDLE_LOADER)";
				WRAPPER_EXTENSION = xctest;
			};
			name = Release;
		};
/* End XCBuildConfiguration section */

/* Begin XCConfigurationList section */
		30B188AE180404EF0088D6F5 /* Build configuration list for PBXProject "MsgrDemo" */ = {
			isa = XCConfigurationList;
			buildConfigurations = (
				30B188DD180404EF0088D6F5 /* Debug */,
				30B188DE180404EF0088D6F5 /* Release */,
			);
			defaultConfigurationIsVisible = 0;
			defaultConfigurationName = Release;
		};
		30B188DF180404EF0088D6F5 /* Build configuration list for PBXNativeTarget "MsgrDemo" */ = {
			isa = XCConfigurationList;
			buildConfigurations = (
				30B188E0180404EF0088D6F5 /* Debug */,
				30B188E1180404EF0088D6F5 /* Release */,
			);
			defaultConfigurationIsVisible = 0;
			defaultConfigurationName = Release;
		};
		30B188E2180404EF0088D6F5 /* Build configuration list for PBXNativeTarget "MsgrDemoTests" */ = {
			isa = XCConfigurationList;
			buildConfigurations = (
				30B188E3180404EF0088D6F5 /* Debug */,
				30B188E4180404EF0088D6F5 /* Release */,
			);
			defaultConfigurationIsVisible = 0;
			defaultConfigurationName = Release;
		};
/* End XCConfigurationList section */
	};
	rootObject = 30B188AB180404EF0088D6F5 /* Project object */;
}
